
Microsoft Visual Studio Solution File, Format Version 12.00
# Visual Studio Version 16
VisualStudioVersion = 16.0.30907.101
MinimumVisualStudioVersion = 10.0.40219.1
Project("{FAE04EC0-301F-11D3-BF4B-00C04F79EFBC}") = "University_Final_App", "University_Final_App\University_Final_App.csproj", "{A534BF80-0779-41A1-BCC7-67263D6B928B}"
EndProject
Global
	GlobalSection(SolutionConfigurationPlatforms) = preSolution
		Debug|Any CPU = Debug|Any CPU
		Release|Any CPU = Release|Any CPU
	EndGlobalSection
	GlobalSection(ProjectConfigurationPlatforms) = postSolution
		{A534BF80-0779-41A1-BCC7-67263D6B928B}.Debug|Any CPU.ActiveCfg = Debug|Any CPU
		{A534BF80-0779-41A1-BCC7-67263D6B928B}.Debug|Any CPU.Build.0 = Debug|Any CPU
		{A534BF80-0779-41A1-BCC7-67263D6B928B}.Release|Any CPU.ActiveCfg = Release|Any CPU
		{A534BF80-0779-41A1-BCC7-67263D6B928B}.Release|Any CPU.Build.0 = Release|Any CPU
	EndGlobalSection
	GlobalSection(SolutionProperties) = preSolution
		HideSolutionNode = FALSE
	EndGlobalSection
	GlobalSection(ExtensibilityGlobals) = postSolution
		SolutionGuid = {309478D1-1B61-4365-A6C5-3ED3CF159ABD}
	EndGlobalSection
EndGlobal
